
Microsoft Visual Studio Solution File, Format Version 12.00
# Visual Studio Version 17
VisualStudioVersion = 17.9.34701.34
MinimumVisualStudioVersion = 10.0.40219.1
Project("{FAE04EC0-301F-11D3-BF4B-00C04F79EFBC}") = "RichApp", "RichApp\RichApp.csproj", "{D78A5F0C-AD0A-456B-B4E4-7F7A7D9B9843}"
EndProject
Project("{FAE04EC0-301F-11D3-BF4B-00C04F79EFBC}") = "Rich", "Rich\Rich.csproj", "{C835713C-E8D1-4A30-9157-7726240B3690}"
EndProject
Project("{FAE04EC0-301F-11D3-BF4B-00C04F79EFBC}") = "WpfRichApp", "WpfRichApp\WpfRichApp.csproj", "{4E6167F4-2864-436D-9353-B8498E495032}"
EndProject
Global
	GlobalSection(SolutionConfigurationPlatforms) = preSolution
		Debug|Any CPU = Debug|Any CPU
		Release|Any CPU = Release|Any CPU
	EndGlobalSection
	GlobalSection(ProjectConfigurationPlatforms) = postSolution
		{D78A5F0C-AD0A-456B-B4E4-7F7A7D9B9843}.Debug|Any CPU.ActiveCfg = Debug|Any CPU
		{D78A5F0C-AD0A-456B-B4E4-7F7A7D9B9843}.Debug|Any CPU.Build.0 = Debug|Any CPU
		{D78A5F0C-AD0A-456B-B4E4-7F7A7D9B9843}.Release|Any CPU.ActiveCfg = Release|Any CPU
		{D78A5F0C-AD0A-456B-B4E4-7F7A7D9B9843}.Release|Any CPU.Build.0 = Release|Any CPU
		{C835713C-E8D1-4A30-9157-7726240B3690}.Debug|Any CPU.ActiveCfg = Debug|Any CPU
		{C835713C-E8D1-4A30-9157-7726240B3690}.Debug|Any CPU.Build.0 = Debug|Any CPU
		{C835713C-E8D1-4A30-9157-7726240B3690}.Release|Any CPU.ActiveCfg = Release|Any CPU
		{C835713C-E8D1-4A30-9157-7726240B3690}.Release|Any CPU.Build.0 = Release|Any CPU
		{4E6167F4-2864-436D-9353-B8498E495032}.Debug|Any CPU.ActiveCfg = Debug|Any CPU
		{4E6167F4-2864-436D-9353-B8498E495032}.Debug|Any CPU.Build.0 = Debug|Any CPU
		{4E6167F4-2864-436D-9353-B8498E495032}.Release|Any CPU.ActiveCfg = Release|Any CPU
		{4E6167F4-2864-436D-9353-B8498E495032}.Release|Any CPU.Build.0 = Release|Any CPU
	EndGlobalSection
	GlobalSection(SolutionProperties) = preSolution
		HideSolutionNode = FALSE
	EndGlobalSection
	GlobalSection(ExtensibilityGlobals) = postSolution
		SolutionGuid = {E0A3625F-2DC1-469D-A752-BEDE012F5D51}
	EndGlobalSection
EndGlobal
